{
  "pins" : [
    {
      "identity" : "collectionviewpaginglayout",
      "kind" : "remoteSourceControl",
      "location" : "https://github.com/amirdew/CollectionViewPagingLayout.git",
      "state" : {
        "branch" : "master",
        "revision" : "4bdec327535470c8d9765d190625b13e99b87db5"
      }
    }
  ],
  "version" : 2
}
